Microsoft Visual Studio Solution File, Format Version 7.00
Project("{8BC9CEB8-8B4A-11D0-8D11-00A0C91BC942}") = "condor", "condor.vcproj", "{337ACB6C-70C6-41B7-8A7B-FC7DD69D6F82}"
EndProject
Project("{8BC9CEB8-8B4A-11D0-8D11-00A0C91BC942}") = "condor_acct", "condor_acct.vcproj", "{C694D665-BB9D-40C2-9BF6-200C1C53295B}"
EndProject
Project("{8BC9CEB8-8B4A-11D0-8D11-00A0C91BC942}") = "condor_advertise", "condor_advertise.vcproj", "{B65665E2-8A42-4004-A2E6-EE08744B7422}"
EndProject
Project("{8BC9CEB8-8B4A-11D0-8D11-00A0C91BC942}") = "condor_classad", "condor_classad.vcproj", "{7FC78817-DA02-46EC-9325-65C3319347E7}"
EndProject
Project("{8BC9CEB8-8B4A-11D0-8D11-00A0C91BC942}") = "condor_collector", "condor_collector.vcproj", "{9040FB02-6474-4F1B-BA95-FE4A5DEADC95}"
EndProject
Project("{8BC9CEB8-8B4A-11D0-8D11-00A0C91BC942}") = "condor_config_val", "condor_config_val.vcproj", "{85D35E31-B72D-4C56-9272-913AE2CFF853}"
EndProject
Project("{8BC9CEB8-8B4A-11D0-8D11-00A0C91BC942}") = "condor_cpp_util", "condor_cpp_util.vcproj", "{247FBA0A-A39B-4052-808F-7DBFA3139A2C}"
EndProject
Project("{8BC9CEB8-8B4A-11D0-8D11-00A0C91BC942}") = "condor_daemon_core", "condor_daemon_core.vcproj", "{544D967B-E3BD-449F-B259-0C809C921CCD}"
EndProject
Project("{8BC9CEB8-8B4A-11D0-8D11-00A0C91BC942}") = "condor_dagman", "condor_dagman.vcproj", "{DEE8CA28-759A-4C54-873A-804EB45D2D6A}"
EndProject
Project("{8BC9CEB8-8B4A-11D0-8D11-00A0C91BC942}") = "condor_eventd", "condor_eventd.vcproj", "{BDBEF401-4F2A-4C5D-92D0-5EDA3FC773E5}"
EndProject
Project("{8BC9CEB8-8B4A-11D0-8D11-00A0C91BC942}") = "condor_fetchlog", "condor_fetchlog.vcproj", "{E40EE9BE-2979-4858-8B31-09FDB882948D}"
EndProject
Project("{8BC9CEB8-8B4A-11D0-8D11-00A0C91BC942}") = "condor_findhost", "condor_findhost.vcproj", "{8EA6FFC9-F643-48A5-8055-42A9BCD11AC9}"
EndProject
Project("{8BC9CEB8-8B4A-11D0-8D11-00A0C91BC942}") = "condor_gridmanager", "condor_gridmanager.vcproj", "{2B9C40DF-DD27-410B-8FAE-5B51A774FD06}"
EndProject
Project("{8BC9CEB8-8B4A-11D0-8D11-00A0C91BC942}") = "condor_history", "condor_history.vcproj", "{F0F8EAC7-8786-4EC4-A3B9-85CD3B76FAE5}"
EndProject
Project("{8BC9CEB8-8B4A-11D0-8D11-00A0C91BC942}") = "condor_io", "condor_io.vcproj", "{FD6BE7A7-FF67-4156-8FA9-AE7DA08DBC70}"
EndProject
Project("{8BC9CEB8-8B4A-11D0-8D11-00A0C91BC942}") = "condor_kbdd_dll", "condor_kbdd_dll.vcproj", "{91080712-6323-4E48-BFC0-C7B4E53987C0}"
EndProject
Project("{8BC9CEB8-8B4A-11D0-8D11-00A0C91BC942}") = "condor_mail", "condor_mail.vcproj", "{D4DB3FCE-BFBA-4956-8FEA-CC82B0FE61F8}"
EndProject
Project("{8BC9CEB8-8B4A-11D0-8D11-00A0C91BC942}") = "condor_master", "condor_master.vcproj", "{1D173199-E69B-4726-AEB8-11ADF2BDE525}"
EndProject
Project("{8BC9CEB8-8B4A-11D0-8D11-00A0C91BC942}") = "condor_negotiator", "condor_negotiator.vcproj", "{B6DDD538-FA89-4B38-9BC1-E3A6F091098F}"
EndProject
Project("{8BC9CEB8-8B4A-11D0-8D11-00A0C91BC942}") = "condor_preen", "condor_preen.vcproj", "{32D69C58-F319-4004-B9F6-2DF5C9B4B62E}"
EndProject
Project("{8BC9CEB8-8B4A-11D0-8D11-00A0C91BC942}") = "condor_prio", "condor_prio.vcproj", "{69002C18-A537-4D9A-8928-87D42DDA5FE4}"
EndProject
Project("{8BC9CEB8-8B4A-11D0-8D11-00A0C91BC942}") = "condor_procapi", "condor_procapi.vcproj", "{A17F372E-EABB-4389-9DB7-52C0DC8D2825}"
EndProject
Project("{8BC9CEB8-8B4A-11D0-8D11-00A0C91BC942}") = "condor_procapi_test", "condor_procapi_test.vcproj", "{A2BEFEE7-6777-490B-A199-97C61A12A9C3}"
EndProject
Project("{8BC9CEB8-8B4A-11D0-8D11-00A0C91BC942}") = "condor_q", "condor_q.vcproj", "{C391CB5D-B262-46F8-A2F0-937483252A9E}"
EndProject
Project("{8BC9CEB8-8B4A-11D0-8D11-00A0C91BC942}") = "condor_qedit", "condor_qedit.vcproj", "{98AB31A4-E842-4993-8336-C9A1501AA68B}"
EndProject
Project("{8BC9CEB8-8B4A-11D0-8D11-00A0C91BC942}") = "condor_qmgmt", "condor_qmgmt.vcproj", "{6298FA93-831A-4D74-BA46-38BA9F9EC973}"
EndProject
Project("{8BC9CEB8-8B4A-11D0-8D11-00A0C91BC942}") = "condor_rm", "condor_rm.vcproj", "{64A71C36-F9FD-4F9F-BF15-608DC79FC45D}"
EndProject
Project("{8BC9CEB8-8B4A-11D0-8D11-00A0C91BC942}") = "condor_schedd", "condor_schedd.vcproj", "{58F3594B-8D24-4B9A-A6E6-EB286C82C2C3}"
EndProject
Project("{8BC9CEB8-8B4A-11D0-8D11-00A0C91BC942}") = "condor_shadow", "condor_shadow.vcproj", "{B1BA61ED-D252-467D-B1CE-52FEB834CD0E}"
EndProject
Project("{8BC9CEB8-8B4A-11D0-8D11-00A0C91BC942}") = "condor_startd", "condor_startd.vcproj", "{4A31B377-513F-4B04-9514-8BA8E75B498B}"
EndProject
Project("{8BC9CEB8-8B4A-11D0-8D11-00A0C91BC942}") = "condor_starter", "condor_starter.vcproj", "{5281EEAC-A5B4-4FEA-B983-91AF26328F6D}"
EndProject
Project("{8BC9CEB8-8B4A-11D0-8D11-00A0C91BC942}") = "condor_stats", "condor_stats.vcproj", "{28357A6A-4622-4833-91B3-E3997D2D52C6}"
EndProject
Project("{8BC9CEB8-8B4A-11D0-8D11-00A0C91BC942}") = "condor_status", "condor_status.vcproj", "{69F3AE93-87F2-4EB6-89F9-0249F3D8E1C6}"
EndProject
Project("{8BC9CEB8-8B4A-11D0-8D11-00A0C91BC942}") = "condor_submit", "condor_submit.vcproj", "{3D7B3847-E544-4990-91DE-811ED814DEE1}"
EndProject
Project("{8BC9CEB8-8B4A-11D0-8D11-00A0C91BC942}") = "condor_submit_dag", "condor_submit_dag.vcproj", "{EC882103-5CFF-44CD-92D2-8ED173551693}"
EndProject
Project("{8BC9CEB8-8B4A-11D0-8D11-00A0C91BC942}") = "condor_sysapi", "condor_sysapi.vcproj", "{3C83CE00-EB60-408E-A4AA-E75303763A32}"
EndProject
Project("{8BC9CEB8-8B4A-11D0-8D11-00A0C91BC942}") = "condor_tool", "condor_tool.vcproj", "{1F395DA8-0036-499C-A61D-1BCF52F20A33}"
EndProject
Project("{8BC9CEB8-8B4A-11D0-8D11-00A0C91BC942}") = "condor_userlog", "condor_userlog.vcproj", "{9F945A8B-EF92-4D02-A804-ACE071120929}"
EndProject
Project("{8BC9CEB8-8B4A-11D0-8D11-00A0C91BC942}") = "condor_userprio", "condor_userprio.vcproj", "{45261931-31E8-49E7-B90F-DB70F9CC18C4}"
EndProject
Project("{8BC9CEB8-8B4A-11D0-8D11-00A0C91BC942}") = "condor_util_lib", "condor_util_lib.vcproj", "{ABA45C7A-E6CB-4D7E-A8EC-FACB92A65200}"
EndProject
Project("{8BC9CEB8-8B4A-11D0-8D11-00A0C91BC942}") = "condor_store_cred", "condor_store_cred.vcproj", "{8651B128-F160-44FE-8A8C-3570BB81F441}"
EndProject
Global
	GlobalSection(SolutionConfiguration) = preSolution
		ConfigName.0 = Debug
		ConfigName.1 = Release
	EndGlobalSection
	GlobalSection(ProjectDependencies) = postSolution
		{337ACB6C-70C6-41B7-8A7B-FC7DD69D6F82}.0 = {E40EE9BE-2979-4858-8B31-09FDB882948D}
		{337ACB6C-70C6-41B7-8A7B-FC7DD69D6F82}.1 = {BDBEF401-4F2A-4C5D-92D0-5EDA3FC773E5}
		{337ACB6C-70C6-41B7-8A7B-FC7DD69D6F82}.2 = {EC882103-5CFF-44CD-92D2-8ED173551693}
		{337ACB6C-70C6-41B7-8A7B-FC7DD69D6F82}.3 = {8EA6FFC9-F643-48A5-8055-42A9BCD11AC9}
		{337ACB6C-70C6-41B7-8A7B-FC7DD69D6F82}.4 = {DEE8CA28-759A-4C54-873A-804EB45D2D6A}
		{337ACB6C-70C6-41B7-8A7B-FC7DD69D6F82}.5 = {9F945A8B-EF92-4D02-A804-ACE071120929}
		{337ACB6C-70C6-41B7-8A7B-FC7DD69D6F82}.6 = {D4DB3FCE-BFBA-4956-8FEA-CC82B0FE61F8}
		{337ACB6C-70C6-41B7-8A7B-FC7DD69D6F82}.7 = {69F3AE93-87F2-4EB6-89F9-0249F3D8E1C6}
		{337ACB6C-70C6-41B7-8A7B-FC7DD69D6F82}.8 = {98AB31A4-E842-4993-8336-C9A1501AA68B}
		{337ACB6C-70C6-41B7-8A7B-FC7DD69D6F82}.9 = {28357A6A-4622-4833-91B3-E3997D2D52C6}
		{337ACB6C-70C6-41B7-8A7B-FC7DD69D6F82}.10 = {32D69C58-F319-4004-B9F6-2DF5C9B4B62E}
		{337ACB6C-70C6-41B7-8A7B-FC7DD69D6F82}.11 = {F0F8EAC7-8786-4EC4-A3B9-85CD3B76FAE5}
		{337ACB6C-70C6-41B7-8A7B-FC7DD69D6F82}.12 = {85D35E31-B72D-4C56-9272-913AE2CFF853}
		{337ACB6C-70C6-41B7-8A7B-FC7DD69D6F82}.13 = {B1BA61ED-D252-467D-B1CE-52FEB834CD0E}
		{337ACB6C-70C6-41B7-8A7B-FC7DD69D6F82}.14 = {3D7B3847-E544-4990-91DE-811ED814DEE1}
		{337ACB6C-70C6-41B7-8A7B-FC7DD69D6F82}.15 = {5281EEAC-A5B4-4FEA-B983-91AF26328F6D}
		{337ACB6C-70C6-41B7-8A7B-FC7DD69D6F82}.16 = {58F3594B-8D24-4B9A-A6E6-EB286C82C2C3}
		{337ACB6C-70C6-41B7-8A7B-FC7DD69D6F82}.17 = {45261931-31E8-49E7-B90F-DB70F9CC18C4}
		{337ACB6C-70C6-41B7-8A7B-FC7DD69D6F82}.18 = {1F395DA8-0036-499C-A61D-1BCF52F20A33}
		{337ACB6C-70C6-41B7-8A7B-FC7DD69D6F82}.19 = {4A31B377-513F-4B04-9514-8BA8E75B498B}
		{337ACB6C-70C6-41B7-8A7B-FC7DD69D6F82}.20 = {B6DDD538-FA89-4B38-9BC1-E3A6F091098F}
		{337ACB6C-70C6-41B7-8A7B-FC7DD69D6F82}.21 = {69002C18-A537-4D9A-8928-87D42DDA5FE4}
		{337ACB6C-70C6-41B7-8A7B-FC7DD69D6F82}.22 = {1D173199-E69B-4726-AEB8-11ADF2BDE525}
		{337ACB6C-70C6-41B7-8A7B-FC7DD69D6F82}.23 = {64A71C36-F9FD-4F9F-BF15-608DC79FC45D}
		{337ACB6C-70C6-41B7-8A7B-FC7DD69D6F82}.24 = {9040FB02-6474-4F1B-BA95-FE4A5DEADC95}
		{337ACB6C-70C6-41B7-8A7B-FC7DD69D6F82}.25 = {C391CB5D-B262-46F8-A2F0-937483252A9E}
		{B65665E2-8A42-4004-A2E6-EE08744B7422}.0 = {ABA45C7A-E6CB-4D7E-A8EC-FACB92A65200}
		{B65665E2-8A42-4004-A2E6-EE08744B7422}.1 = {3C83CE00-EB60-408E-A4AA-E75303763A32}
		{B65665E2-8A42-4004-A2E6-EE08744B7422}.2 = {FD6BE7A7-FF67-4156-8FA9-AE7DA08DBC70}
		{B65665E2-8A42-4004-A2E6-EE08744B7422}.3 = {247FBA0A-A39B-4052-808F-7DBFA3139A2C}
		{B65665E2-8A42-4004-A2E6-EE08744B7422}.4 = {7FC78817-DA02-46EC-9325-65C3319347E7}
		{7FC78817-DA02-46EC-9325-65C3319347E7}.0 = {ABA45C7A-E6CB-4D7E-A8EC-FACB92A65200}
		{7FC78817-DA02-46EC-9325-65C3319347E7}.1 = {247FBA0A-A39B-4052-808F-7DBFA3139A2C}
		{9040FB02-6474-4F1B-BA95-FE4A5DEADC95}.0 = {3C83CE00-EB60-408E-A4AA-E75303763A32}
		{9040FB02-6474-4F1B-BA95-FE4A5DEADC95}.1 = {FD6BE7A7-FF67-4156-8FA9-AE7DA08DBC70}
		{9040FB02-6474-4F1B-BA95-FE4A5DEADC95}.2 = {544D967B-E3BD-449F-B259-0C809C921CCD}
		{9040FB02-6474-4F1B-BA95-FE4A5DEADC95}.3 = {7FC78817-DA02-46EC-9325-65C3319347E7}
		{9040FB02-6474-4F1B-BA95-FE4A5DEADC95}.4 = {247FBA0A-A39B-4052-808F-7DBFA3139A2C}
		{9040FB02-6474-4F1B-BA95-FE4A5DEADC95}.5 = {ABA45C7A-E6CB-4D7E-A8EC-FACB92A65200}
		{85D35E31-B72D-4C56-9272-913AE2CFF853}.0 = {3C83CE00-EB60-408E-A4AA-E75303763A32}
		{85D35E31-B72D-4C56-9272-913AE2CFF853}.1 = {ABA45C7A-E6CB-4D7E-A8EC-FACB92A65200}
		{85D35E31-B72D-4C56-9272-913AE2CFF853}.2 = {FD6BE7A7-FF67-4156-8FA9-AE7DA08DBC70}
		{85D35E31-B72D-4C56-9272-913AE2CFF853}.3 = {247FBA0A-A39B-4052-808F-7DBFA3139A2C}
		{85D35E31-B72D-4C56-9272-913AE2CFF853}.4 = {7FC78817-DA02-46EC-9325-65C3319347E7}
		{DEE8CA28-759A-4C54-873A-804EB45D2D6A}.0 = {A17F372E-EABB-4389-9DB7-52C0DC8D2825}
		{DEE8CA28-759A-4C54-873A-804EB45D2D6A}.1 = {7FC78817-DA02-46EC-9325-65C3319347E7}
		{DEE8CA28-759A-4C54-873A-804EB45D2D6A}.2 = {3C83CE00-EB60-408E-A4AA-E75303763A32}
		{DEE8CA28-759A-4C54-873A-804EB45D2D6A}.3 = {ABA45C7A-E6CB-4D7E-A8EC-FACB92A65200}
		{DEE8CA28-759A-4C54-873A-804EB45D2D6A}.4 = {FD6BE7A7-FF67-4156-8FA9-AE7DA08DBC70}
		{DEE8CA28-759A-4C54-873A-804EB45D2D6A}.5 = {544D967B-E3BD-449F-B259-0C809C921CCD}
		{DEE8CA28-759A-4C54-873A-804EB45D2D6A}.6 = {247FBA0A-A39B-4052-808F-7DBFA3139A2C}
		{BDBEF401-4F2A-4C5D-92D0-5EDA3FC773E5}.0 = {FD6BE7A7-FF67-4156-8FA9-AE7DA08DBC70}
		{BDBEF401-4F2A-4C5D-92D0-5EDA3FC773E5}.1 = {ABA45C7A-E6CB-4D7E-A8EC-FACB92A65200}
		{BDBEF401-4F2A-4C5D-92D0-5EDA3FC773E5}.2 = {3C83CE00-EB60-408E-A4AA-E75303763A32}
		{BDBEF401-4F2A-4C5D-92D0-5EDA3FC773E5}.3 = {544D967B-E3BD-449F-B259-0C809C921CCD}
		{BDBEF401-4F2A-4C5D-92D0-5EDA3FC773E5}.4 = {247FBA0A-A39B-4052-808F-7DBFA3139A2C}
		{BDBEF401-4F2A-4C5D-92D0-5EDA3FC773E5}.5 = {7FC78817-DA02-46EC-9325-65C3319347E7}
		{E40EE9BE-2979-4858-8B31-09FDB882948D}.0 = {ABA45C7A-E6CB-4D7E-A8EC-FACB92A65200}
		{E40EE9BE-2979-4858-8B31-09FDB882948D}.1 = {3C83CE00-EB60-408E-A4AA-E75303763A32}
		{E40EE9BE-2979-4858-8B31-09FDB882948D}.2 = {FD6BE7A7-FF67-4156-8FA9-AE7DA08DBC70}
		{E40EE9BE-2979-4858-8B31-09FDB882948D}.3 = {247FBA0A-A39B-4052-808F-7DBFA3139A2C}
		{E40EE9BE-2979-4858-8B31-09FDB882948D}.4 = {7FC78817-DA02-46EC-9325-65C3319347E7}
		{8EA6FFC9-F643-48A5-8055-42A9BCD11AC9}.0 = {ABA45C7A-E6CB-4D7E-A8EC-FACB92A65200}
		{8EA6FFC9-F643-48A5-8055-42A9BCD11AC9}.1 = {3C83CE00-EB60-408E-A4AA-E75303763A32}
		{8EA6FFC9-F643-48A5-8055-42A9BCD11AC9}.2 = {FD6BE7A7-FF67-4156-8FA9-AE7DA08DBC70}
		{8EA6FFC9-F643-48A5-8055-42A9BCD11AC9}.3 = {247FBA0A-A39B-4052-808F-7DBFA3139A2C}
		{8EA6FFC9-F643-48A5-8055-42A9BCD11AC9}.4 = {7FC78817-DA02-46EC-9325-65C3319347E7}
		{2B9C40DF-DD27-410B-8FAE-5B51A774FD06}.0 = {7FC78817-DA02-46EC-9325-65C3319347E7}
		{2B9C40DF-DD27-410B-8FAE-5B51A774FD06}.1 = {6298FA93-831A-4D74-BA46-38BA9F9EC973}
		{2B9C40DF-DD27-410B-8FAE-5B51A774FD06}.2 = {ABA45C7A-E6CB-4D7E-A8EC-FACB92A65200}
		{2B9C40DF-DD27-410B-8FAE-5B51A774FD06}.3 = {3C83CE00-EB60-408E-A4AA-E75303763A32}
		{2B9C40DF-DD27-410B-8FAE-5B51A774FD06}.4 = {FD6BE7A7-FF67-4156-8FA9-AE7DA08DBC70}
		{2B9C40DF-DD27-410B-8FAE-5B51A774FD06}.5 = {544D967B-E3BD-449F-B259-0C809C921CCD}
		{2B9C40DF-DD27-410B-8FAE-5B51A774FD06}.6 = {247FBA0A-A39B-4052-808F-7DBFA3139A2C}
		{F0F8EAC7-8786-4EC4-A3B9-85CD3B76FAE5}.0 = {3C83CE00-EB60-408E-A4AA-E75303763A32}
		{F0F8EAC7-8786-4EC4-A3B9-85CD3B76FAE5}.1 = {ABA45C7A-E6CB-4D7E-A8EC-FACB92A65200}
		{F0F8EAC7-8786-4EC4-A3B9-85CD3B76FAE5}.2 = {FD6BE7A7-FF67-4156-8FA9-AE7DA08DBC70}
		{F0F8EAC7-8786-4EC4-A3B9-85CD3B76FAE5}.3 = {247FBA0A-A39B-4052-808F-7DBFA3139A2C}
		{F0F8EAC7-8786-4EC4-A3B9-85CD3B76FAE5}.4 = {7FC78817-DA02-46EC-9325-65C3319347E7}
		{1D173199-E69B-4726-AEB8-11ADF2BDE525}.0 = {A17F372E-EABB-4389-9DB7-52C0DC8D2825}
		{1D173199-E69B-4726-AEB8-11ADF2BDE525}.1 = {3C83CE00-EB60-408E-A4AA-E75303763A32}
		{1D173199-E69B-4726-AEB8-11ADF2BDE525}.2 = {FD6BE7A7-FF67-4156-8FA9-AE7DA08DBC70}
		{1D173199-E69B-4726-AEB8-11ADF2BDE525}.3 = {544D967B-E3BD-449F-B259-0C809C921CCD}
		{1D173199-E69B-4726-AEB8-11ADF2BDE525}.4 = {7FC78817-DA02-46EC-9325-65C3319347E7}
		{1D173199-E69B-4726-AEB8-11ADF2BDE525}.5 = {247FBA0A-A39B-4052-808F-7DBFA3139A2C}
		{1D173199-E69B-4726-AEB8-11ADF2BDE525}.6 = {ABA45C7A-E6CB-4D7E-A8EC-FACB92A65200}
		{B6DDD538-FA89-4B38-9BC1-E3A6F091098F}.0 = {3C83CE00-EB60-408E-A4AA-E75303763A32}
		{B6DDD538-FA89-4B38-9BC1-E3A6F091098F}.1 = {C694D665-BB9D-40C2-9BF6-200C1C53295B}
		{B6DDD538-FA89-4B38-9BC1-E3A6F091098F}.2 = {FD6BE7A7-FF67-4156-8FA9-AE7DA08DBC70}
		{B6DDD538-FA89-4B38-9BC1-E3A6F091098F}.3 = {544D967B-E3BD-449F-B259-0C809C921CCD}
		{B6DDD538-FA89-4B38-9BC1-E3A6F091098F}.4 = {7FC78817-DA02-46EC-9325-65C3319347E7}
		{B6DDD538-FA89-4B38-9BC1-E3A6F091098F}.5 = {247FBA0A-A39B-4052-808F-7DBFA3139A2C}
		{B6DDD538-FA89-4B38-9BC1-E3A6F091098F}.6 = {ABA45C7A-E6CB-4D7E-A8EC-FACB92A65200}
		{32D69C58-F319-4004-B9F6-2DF5C9B4B62E}.0 = {3C83CE00-EB60-408E-A4AA-E75303763A32}
		{32D69C58-F319-4004-B9F6-2DF5C9B4B62E}.1 = {6298FA93-831A-4D74-BA46-38BA9F9EC973}
		{32D69C58-F319-4004-B9F6-2DF5C9B4B62E}.2 = {FD6BE7A7-FF67-4156-8FA9-AE7DA08DBC70}
		{32D69C58-F319-4004-B9F6-2DF5C9B4B62E}.3 = {7FC78817-DA02-46EC-9325-65C3319347E7}
		{32D69C58-F319-4004-B9F6-2DF5C9B4B62E}.4 = {ABA45C7A-E6CB-4D7E-A8EC-FACB92A65200}
		{32D69C58-F319-4004-B9F6-2DF5C9B4B62E}.5 = {247FBA0A-A39B-4052-808F-7DBFA3139A2C}
		{69002C18-A537-4D9A-8928-87D42DDA5FE4}.0 = {3C83CE00-EB60-408E-A4AA-E75303763A32}
		{69002C18-A537-4D9A-8928-87D42DDA5FE4}.1 = {6298FA93-831A-4D74-BA46-38BA9F9EC973}
		{69002C18-A537-4D9A-8928-87D42DDA5FE4}.2 = {FD6BE7A7-FF67-4156-8FA9-AE7DA08DBC70}
		{69002C18-A537-4D9A-8928-87D42DDA5FE4}.3 = {7FC78817-DA02-46EC-9325-65C3319347E7}
		{69002C18-A537-4D9A-8928-87D42DDA5FE4}.4 = {247FBA0A-A39B-4052-808F-7DBFA3139A2C}
		{69002C18-A537-4D9A-8928-87D42DDA5FE4}.5 = {ABA45C7A-E6CB-4D7E-A8EC-FACB92A65200}
		{A2BEFEE7-6777-490B-A199-97C61A12A9C3}.0 = {7FC78817-DA02-46EC-9325-65C3319347E7}
		{A2BEFEE7-6777-490B-A199-97C61A12A9C3}.1 = {FD6BE7A7-FF67-4156-8FA9-AE7DA08DBC70}
		{A2BEFEE7-6777-490B-A199-97C61A12A9C3}.2 = {3C83CE00-EB60-408E-A4AA-E75303763A32}
		{A2BEFEE7-6777-490B-A199-97C61A12A9C3}.3 = {ABA45C7A-E6CB-4D7E-A8EC-FACB92A65200}
		{A2BEFEE7-6777-490B-A199-97C61A12A9C3}.4 = {247FBA0A-A39B-4052-808F-7DBFA3139A2C}
		{A2BEFEE7-6777-490B-A199-97C61A12A9C3}.5 = {A17F372E-EABB-4389-9DB7-52C0DC8D2825}
		{C391CB5D-B262-46F8-A2F0-937483252A9E}.0 = {3C83CE00-EB60-408E-A4AA-E75303763A32}
		{C391CB5D-B262-46F8-A2F0-937483252A9E}.1 = {6298FA93-831A-4D74-BA46-38BA9F9EC973}
		{C391CB5D-B262-46F8-A2F0-937483252A9E}.2 = {FD6BE7A7-FF67-4156-8FA9-AE7DA08DBC70}
		{C391CB5D-B262-46F8-A2F0-937483252A9E}.3 = {7FC78817-DA02-46EC-9325-65C3319347E7}
		{C391CB5D-B262-46F8-A2F0-937483252A9E}.4 = {247FBA0A-A39B-4052-808F-7DBFA3139A2C}
		{C391CB5D-B262-46F8-A2F0-937483252A9E}.5 = {ABA45C7A-E6CB-4D7E-A8EC-FACB92A65200}
		{98AB31A4-E842-4993-8336-C9A1501AA68B}.0 = {ABA45C7A-E6CB-4D7E-A8EC-FACB92A65200}
		{98AB31A4-E842-4993-8336-C9A1501AA68B}.1 = {3C83CE00-EB60-408E-A4AA-E75303763A32}
		{98AB31A4-E842-4993-8336-C9A1501AA68B}.2 = {6298FA93-831A-4D74-BA46-38BA9F9EC973}
		{98AB31A4-E842-4993-8336-C9A1501AA68B}.3 = {FD6BE7A7-FF67-4156-8FA9-AE7DA08DBC70}
		{98AB31A4-E842-4993-8336-C9A1501AA68B}.4 = {247FBA0A-A39B-4052-808F-7DBFA3139A2C}
		{98AB31A4-E842-4993-8336-C9A1501AA68B}.5 = {7FC78817-DA02-46EC-9325-65C3319347E7}
		{64A71C36-F9FD-4F9F-BF15-608DC79FC45D}.0 = {3C83CE00-EB60-408E-A4AA-E75303763A32}
		{64A71C36-F9FD-4F9F-BF15-608DC79FC45D}.1 = {7FC78817-DA02-46EC-9325-65C3319347E7}
		{64A71C36-F9FD-4F9F-BF15-608DC79FC45D}.2 = {FD6BE7A7-FF67-4156-8FA9-AE7DA08DBC70}
		{64A71C36-F9FD-4F9F-BF15-608DC79FC45D}.3 = {6298FA93-831A-4D74-BA46-38BA9F9EC973}
		{64A71C36-F9FD-4F9F-BF15-608DC79FC45D}.4 = {247FBA0A-A39B-4052-808F-7DBFA3139A2C}
		{64A71C36-F9FD-4F9F-BF15-608DC79FC45D}.5 = {ABA45C7A-E6CB-4D7E-A8EC-FACB92A65200}
		{58F3594B-8D24-4B9A-A6E6-EB286C82C2C3}.0 = {3C83CE00-EB60-408E-A4AA-E75303763A32}
		{58F3594B-8D24-4B9A-A6E6-EB286C82C2C3}.1 = {FD6BE7A7-FF67-4156-8FA9-AE7DA08DBC70}
		{58F3594B-8D24-4B9A-A6E6-EB286C82C2C3}.2 = {544D967B-E3BD-449F-B259-0C809C921CCD}
		{58F3594B-8D24-4B9A-A6E6-EB286C82C2C3}.3 = {7FC78817-DA02-46EC-9325-65C3319347E7}
		{58F3594B-8D24-4B9A-A6E6-EB286C82C2C3}.4 = {247FBA0A-A39B-4052-808F-7DBFA3139A2C}
		{58F3594B-8D24-4B9A-A6E6-EB286C82C2C3}.5 = {ABA45C7A-E6CB-4D7E-A8EC-FACB92A65200}
		{B1BA61ED-D252-467D-B1CE-52FEB834CD0E}.0 = {3C83CE00-EB60-408E-A4AA-E75303763A32}
		{B1BA61ED-D252-467D-B1CE-52FEB834CD0E}.1 = {6298FA93-831A-4D74-BA46-38BA9F9EC973}
		{B1BA61ED-D252-467D-B1CE-52FEB834CD0E}.2 = {ABA45C7A-E6CB-4D7E-A8EC-FACB92A65200}
		{B1BA61ED-D252-467D-B1CE-52FEB834CD0E}.3 = {FD6BE7A7-FF67-4156-8FA9-AE7DA08DBC70}
		{B1BA61ED-D252-467D-B1CE-52FEB834CD0E}.4 = {544D967B-E3BD-449F-B259-0C809C921CCD}
		{B1BA61ED-D252-467D-B1CE-52FEB834CD0E}.5 = {247FBA0A-A39B-4052-808F-7DBFA3139A2C}
		{B1BA61ED-D252-467D-B1CE-52FEB834CD0E}.6 = {7FC78817-DA02-46EC-9325-65C3319347E7}
		{4A31B377-513F-4B04-9514-8BA8E75B498B}.0 = {3C83CE00-EB60-408E-A4AA-E75303763A32}
		{4A31B377-513F-4B04-9514-8BA8E75B498B}.1 = {91080712-6323-4E48-BFC0-C7B4E53987C0}
		{4A31B377-513F-4B04-9514-8BA8E75B498B}.2 = {A17F372E-EABB-4389-9DB7-52C0DC8D2825}
		{4A31B377-513F-4B04-9514-8BA8E75B498B}.3 = {544D967B-E3BD-449F-B259-0C809C921CCD}
		{4A31B377-513F-4B04-9514-8BA8E75B498B}.4 = {FD6BE7A7-FF67-4156-8FA9-AE7DA08DBC70}
		{4A31B377-513F-4B04-9514-8BA8E75B498B}.5 = {7FC78817-DA02-46EC-9325-65C3319347E7}
		{4A31B377-513F-4B04-9514-8BA8E75B498B}.6 = {247FBA0A-A39B-4052-808F-7DBFA3139A2C}
		{4A31B377-513F-4B04-9514-8BA8E75B498B}.7 = {ABA45C7A-E6CB-4D7E-A8EC-FACB92A65200}
		{5281EEAC-A5B4-4FEA-B983-91AF26328F6D}.0 = {3C83CE00-EB60-408E-A4AA-E75303763A32}
		{5281EEAC-A5B4-4FEA-B983-91AF26328F6D}.1 = {A17F372E-EABB-4389-9DB7-52C0DC8D2825}
		{5281EEAC-A5B4-4FEA-B983-91AF26328F6D}.2 = {ABA45C7A-E6CB-4D7E-A8EC-FACB92A65200}
		{5281EEAC-A5B4-4FEA-B983-91AF26328F6D}.3 = {FD6BE7A7-FF67-4156-8FA9-AE7DA08DBC70}
		{5281EEAC-A5B4-4FEA-B983-91AF26328F6D}.4 = {544D967B-E3BD-449F-B259-0C809C921CCD}
		{5281EEAC-A5B4-4FEA-B983-91AF26328F6D}.5 = {247FBA0A-A39B-4052-808F-7DBFA3139A2C}
		{5281EEAC-A5B4-4FEA-B983-91AF26328F6D}.6 = {7FC78817-DA02-46EC-9325-65C3319347E7}
		{28357A6A-4622-4833-91B3-E3997D2D52C6}.0 = {3C83CE00-EB60-408E-A4AA-E75303763A32}
		{28357A6A-4622-4833-91B3-E3997D2D52C6}.1 = {7FC78817-DA02-46EC-9325-65C3319347E7}
		{28357A6A-4622-4833-91B3-E3997D2D52C6}.2 = {ABA45C7A-E6CB-4D7E-A8EC-FACB92A65200}
		{28357A6A-4622-4833-91B3-E3997D2D52C6}.3 = {FD6BE7A7-FF67-4156-8FA9-AE7DA08DBC70}
		{28357A6A-4622-4833-91B3-E3997D2D52C6}.4 = {247FBA0A-A39B-4052-808F-7DBFA3139A2C}
		{69F3AE93-87F2-4EB6-89F9-0249F3D8E1C6}.0 = {ABA45C7A-E6CB-4D7E-A8EC-FACB92A65200}
		{69F3AE93-87F2-4EB6-89F9-0249F3D8E1C6}.1 = {3C83CE00-EB60-408E-A4AA-E75303763A32}
		{69F3AE93-87F2-4EB6-89F9-0249F3D8E1C6}.2 = {FD6BE7A7-FF67-4156-8FA9-AE7DA08DBC70}
		{69F3AE93-87F2-4EB6-89F9-0249F3D8E1C6}.3 = {247FBA0A-A39B-4052-808F-7DBFA3139A2C}
		{69F3AE93-87F2-4EB6-89F9-0249F3D8E1C6}.4 = {7FC78817-DA02-46EC-9325-65C3319347E7}
		{3D7B3847-E544-4990-91DE-811ED814DEE1}.0 = {3C83CE00-EB60-408E-A4AA-E75303763A32}
		{3D7B3847-E544-4990-91DE-811ED814DEE1}.1 = {6298FA93-831A-4D74-BA46-38BA9F9EC973}
		{3D7B3847-E544-4990-91DE-811ED814DEE1}.2 = {FD6BE7A7-FF67-4156-8FA9-AE7DA08DBC70}
		{3D7B3847-E544-4990-91DE-811ED814DEE1}.3 = {7FC78817-DA02-46EC-9325-65C3319347E7}
		{3D7B3847-E544-4990-91DE-811ED814DEE1}.4 = {247FBA0A-A39B-4052-808F-7DBFA3139A2C}
		{3D7B3847-E544-4990-91DE-811ED814DEE1}.5 = {ABA45C7A-E6CB-4D7E-A8EC-FACB92A65200}
		{EC882103-5CFF-44CD-92D2-8ED173551693}.0 = {3C83CE00-EB60-408E-A4AA-E75303763A32}
		{EC882103-5CFF-44CD-92D2-8ED173551693}.1 = {FD6BE7A7-FF67-4156-8FA9-AE7DA08DBC70}
		{EC882103-5CFF-44CD-92D2-8ED173551693}.2 = {7FC78817-DA02-46EC-9325-65C3319347E7}
		{EC882103-5CFF-44CD-92D2-8ED173551693}.3 = {ABA45C7A-E6CB-4D7E-A8EC-FACB92A65200}
		{EC882103-5CFF-44CD-92D2-8ED173551693}.4 = {247FBA0A-A39B-4052-808F-7DBFA3139A2C}
		{1F395DA8-0036-499C-A61D-1BCF52F20A33}.0 = {3C83CE00-EB60-408E-A4AA-E75303763A32}
		{1F395DA8-0036-499C-A61D-1BCF52F20A33}.1 = {7FC78817-DA02-46EC-9325-65C3319347E7}
		{1F395DA8-0036-499C-A61D-1BCF52F20A33}.2 = {FD6BE7A7-FF67-4156-8FA9-AE7DA08DBC70}
		{1F395DA8-0036-499C-A61D-1BCF52F20A33}.3 = {247FBA0A-A39B-4052-808F-7DBFA3139A2C}
		{1F395DA8-0036-499C-A61D-1BCF52F20A33}.4 = {ABA45C7A-E6CB-4D7E-A8EC-FACB92A65200}
		{9F945A8B-EF92-4D02-A804-ACE071120929}.0 = {7FC78817-DA02-46EC-9325-65C3319347E7}
		{9F945A8B-EF92-4D02-A804-ACE071120929}.1 = {3C83CE00-EB60-408E-A4AA-E75303763A32}
		{9F945A8B-EF92-4D02-A804-ACE071120929}.2 = {FD6BE7A7-FF67-4156-8FA9-AE7DA08DBC70}
		{9F945A8B-EF92-4D02-A804-ACE071120929}.3 = {ABA45C7A-E6CB-4D7E-A8EC-FACB92A65200}
		{9F945A8B-EF92-4D02-A804-ACE071120929}.4 = {247FBA0A-A39B-4052-808F-7DBFA3139A2C}
		{45261931-31E8-49E7-B90F-DB70F9CC18C4}.0 = {3C83CE00-EB60-408E-A4AA-E75303763A32}
		{45261931-31E8-49E7-B90F-DB70F9CC18C4}.1 = {7FC78817-DA02-46EC-9325-65C3319347E7}
		{45261931-31E8-49E7-B90F-DB70F9CC18C4}.2 = {FD6BE7A7-FF67-4156-8FA9-AE7DA08DBC70}
		{45261931-31E8-49E7-B90F-DB70F9CC18C4}.3 = {247FBA0A-A39B-4052-808F-7DBFA3139A2C}
		{45261931-31E8-49E7-B90F-DB70F9CC18C4}.4 = {ABA45C7A-E6CB-4D7E-A8EC-FACB92A65200}
		{8651B128-F160-44FE-8A8C-3570BB81F441}.0 = {7FC78817-DA02-46EC-9325-65C3319347E7}
		{8651B128-F160-44FE-8A8C-3570BB81F441}.1 = {247FBA0A-A39B-4052-808F-7DBFA3139A2C}
		{8651B128-F160-44FE-8A8C-3570BB81F441}.2 = {FD6BE7A7-FF67-4156-8FA9-AE7DA08DBC70}
		{8651B128-F160-44FE-8A8C-3570BB81F441}.3 = {3C83CE00-EB60-408E-A4AA-E75303763A32}
		{8651B128-F160-44FE-8A8C-3570BB81F441}.4 = {ABA45C7A-E6CB-4D7E-A8EC-FACB92A65200}
	EndGlobalSection
	GlobalSection(ProjectConfiguration) = postSolution
		{337ACB6C-70C6-41B7-8A7B-FC7DD69D6F82}.Debug.ActiveCfg = Debug|Win32
		{337ACB6C-70C6-41B7-8A7B-FC7DD69D6F82}.Debug.Build.0 = Debug|Win32
		{337ACB6C-70C6-41B7-8A7B-FC7DD69D6F82}.Release.ActiveCfg = Release|Win32
		{337ACB6C-70C6-41B7-8A7B-FC7DD69D6F82}.Release.Build.0 = Release|Win32
		{C694D665-BB9D-40C2-9BF6-200C1C53295B}.Debug.ActiveCfg = Debug|Win32
		{C694D665-BB9D-40C2-9BF6-200C1C53295B}.Debug.Build.0 = Debug|Win32
		{C694D665-BB9D-40C2-9BF6-200C1C53295B}.Release.ActiveCfg = Release|Win32
		{C694D665-BB9D-40C2-9BF6-200C1C53295B}.Release.Build.0 = Release|Win32
		{B65665E2-8A42-4004-A2E6-EE08744B7422}.Debug.ActiveCfg = Debug|Win32
		{B65665E2-8A42-4004-A2E6-EE08744B7422}.Debug.Build.0 = Debug|Win32
		{B65665E2-8A42-4004-A2E6-EE08744B7422}.Release.ActiveCfg = Release|Win32
		{B65665E2-8A42-4004-A2E6-EE08744B7422}.Release.Build.0 = Release|Win32
		{7FC78817-DA02-46EC-9325-65C3319347E7}.Debug.ActiveCfg = Debug|Win32
		{7FC78817-DA02-46EC-9325-65C3319347E7}.Debug.Build.0 = Debug|Win32
		{7FC78817-DA02-46EC-9325-65C3319347E7}.Release.ActiveCfg = Release|Win32
		{7FC78817-DA02-46EC-9325-65C3319347E7}.Release.Build.0 = Release|Win32
		{9040FB02-6474-4F1B-BA95-FE4A5DEADC95}.Debug.ActiveCfg = Debug|Win32
		{9040FB02-6474-4F1B-BA95-FE4A5DEADC95}.Debug.Build.0 = Debug|Win32
		{9040FB02-6474-4F1B-BA95-FE4A5DEADC95}.Release.ActiveCfg = Release|Win32
		{9040FB02-6474-4F1B-BA95-FE4A5DEADC95}.Release.Build.0 = Release|Win32
		{85D35E31-B72D-4C56-9272-913AE2CFF853}.Debug.ActiveCfg = Debug|Win32
		{85D35E31-B72D-4C56-9272-913AE2CFF853}.Debug.Build.0 = Debug|Win32
		{85D35E31-B72D-4C56-9272-913AE2CFF853}.Release.ActiveCfg = Release|Win32
		{85D35E31-B72D-4C56-9272-913AE2CFF853}.Release.Build.0 = Release|Win32
		{247FBA0A-A39B-4052-808F-7DBFA3139A2C}.Debug.ActiveCfg = Debug|Win32
		{247FBA0A-A39B-4052-808F-7DBFA3139A2C}.Debug.Build.0 = Debug|Win32
		{247FBA0A-A39B-4052-808F-7DBFA3139A2C}.Release.ActiveCfg = Release|Win32
		{247FBA0A-A39B-4052-808F-7DBFA3139A2C}.Release.Build.0 = Release|Win32
		{544D967B-E3BD-449F-B259-0C809C921CCD}.Debug.ActiveCfg = Debug|Win32
		{544D967B-E3BD-449F-B259-0C809C921CCD}.Debug.Build.0 = Debug|Win32
		{544D967B-E3BD-449F-B259-0C809C921CCD}.Release.ActiveCfg = Release|Win32
		{544D967B-E3BD-449F-B259-0C809C921CCD}.Release.Build.0 = Release|Win32
		{DEE8CA28-759A-4C54-873A-804EB45D2D6A}.Debug.ActiveCfg = Debug|Win32
		{DEE8CA28-759A-4C54-873A-804EB45D2D6A}.Debug.Build.0 = Debug|Win32
		{DEE8CA28-759A-4C54-873A-804EB45D2D6A}.Release.ActiveCfg = Release|Win32
		{DEE8CA28-759A-4C54-873A-804EB45D2D6A}.Release.Build.0 = Release|Win32
		{BDBEF401-4F2A-4C5D-92D0-5EDA3FC773E5}.Debug.ActiveCfg = Debug|Win32
		{BDBEF401-4F2A-4C5D-92D0-5EDA3FC773E5}.Debug.Build.0 = Debug|Win32
		{BDBEF401-4F2A-4C5D-92D0-5EDA3FC773E5}.Release.ActiveCfg = Release|Win32
		{BDBEF401-4F2A-4C5D-92D0-5EDA3FC773E5}.Release.Build.0 = Release|Win32
		{E40EE9BE-2979-4858-8B31-09FDB882948D}.Debug.ActiveCfg = Debug|Win32
		{E40EE9BE-2979-4858-8B31-09FDB882948D}.Debug.Build.0 = Debug|Win32
		{E40EE9BE-2979-4858-8B31-09FDB882948D}.Release.ActiveCfg = Release|Win32
		{E40EE9BE-2979-4858-8B31-09FDB882948D}.Release.Build.0 = Release|Win32
		{8EA6FFC9-F643-48A5-8055-42A9BCD11AC9}.Debug.ActiveCfg = Debug|Win32
		{8EA6FFC9-F643-48A5-8055-42A9BCD11AC9}.Debug.Build.0 = Debug|Win32
		{8EA6FFC9-F643-48A5-8055-42A9BCD11AC9}.Release.ActiveCfg = Release|Win32
		{8EA6FFC9-F643-48A5-8055-42A9BCD11AC9}.Release.Build.0 = Release|Win32
		{2B9C40DF-DD27-410B-8FAE-5B51A774FD06}.Debug.ActiveCfg = Debug|Win32
		{2B9C40DF-DD27-410B-8FAE-5B51A774FD06}.Debug.Build.0 = Debug|Win32
		{2B9C40DF-DD27-410B-8FAE-5B51A774FD06}.Release.ActiveCfg = Release|Win32
		{2B9C40DF-DD27-410B-8FAE-5B51A774FD06}.Release.Build.0 = Release|Win32
		{F0F8EAC7-8786-4EC4-A3B9-85CD3B76FAE5}.Debug.ActiveCfg = Debug|Win32
		{F0F8EAC7-8786-4EC4-A3B9-85CD3B76FAE5}.Debug.Build.0 = Debug|Win32
		{F0F8EAC7-8786-4EC4-A3B9-85CD3B76FAE5}.Release.ActiveCfg = Release|Win32
		{F0F8EAC7-8786-4EC4-A3B9-85CD3B76FAE5}.Release.Build.0 = Release|Win32
		{FD6BE7A7-FF67-4156-8FA9-AE7DA08DBC70}.Debug.ActiveCfg = Debug|Win32
		{FD6BE7A7-FF67-4156-8FA9-AE7DA08DBC70}.Debug.Build.0 = Debug|Win32
		{FD6BE7A7-FF67-4156-8FA9-AE7DA08DBC70}.Release.ActiveCfg = Release|Win32
		{FD6BE7A7-FF67-4156-8FA9-AE7DA08DBC70}.Release.Build.0 = Release|Win32
		{91080712-6323-4E48-BFC0-C7B4E53987C0}.Debug.ActiveCfg = Debug|Win32
		{91080712-6323-4E48-BFC0-C7B4E53987C0}.Debug.Build.0 = Debug|Win32
		{91080712-6323-4E48-BFC0-C7B4E53987C0}.Release.ActiveCfg = Release|Win32
		{91080712-6323-4E48-BFC0-C7B4E53987C0}.Release.Build.0 = Release|Win32
		{D4DB3FCE-BFBA-4956-8FEA-CC82B0FE61F8}.Debug.ActiveCfg = Debug|Win32
		{D4DB3FCE-BFBA-4956-8FEA-CC82B0FE61F8}.Debug.Build.0 = Debug|Win32
		{D4DB3FCE-BFBA-4956-8FEA-CC82B0FE61F8}.Release.ActiveCfg = Release|Win32
		{D4DB3FCE-BFBA-4956-8FEA-CC82B0FE61F8}.Release.Build.0 = Release|Win32
		{1D173199-E69B-4726-AEB8-11ADF2BDE525}.Debug.ActiveCfg = Debug|Win32
		{1D173199-E69B-4726-AEB8-11ADF2BDE525}.Debug.Build.0 = Debug|Win32
		{1D173199-E69B-4726-AEB8-11ADF2BDE525}.Release.ActiveCfg = Release|Win32
		{1D173199-E69B-4726-AEB8-11ADF2BDE525}.Release.Build.0 = Release|Win32
		{B6DDD538-FA89-4B38-9BC1-E3A6F091098F}.Debug.ActiveCfg = Debug|Win32
		{B6DDD538-FA89-4B38-9BC1-E3A6F091098F}.Debug.Build.0 = Debug|Win32
		{B6DDD538-FA89-4B38-9BC1-E3A6F091098F}.Release.ActiveCfg = Release|Win32
		{B6DDD538-FA89-4B38-9BC1-E3A6F091098F}.Release.Build.0 = Release|Win32
		{32D69C58-F319-4004-B9F6-2DF5C9B4B62E}.Debug.ActiveCfg = Debug|Win32
		{32D69C58-F319-4004-B9F6-2DF5C9B4B62E}.Debug.Build.0 = Debug|Win32
		{32D69C58-F319-4004-B9F6-2DF5C9B4B62E}.Release.ActiveCfg = Release|Win32
		{32D69C58-F319-4004-B9F6-2DF5C9B4B62E}.Release.Build.0 = Release|Win32
		{69002C18-A537-4D9A-8928-87D42DDA5FE4}.Debug.ActiveCfg = Debug|Win32
		{69002C18-A537-4D9A-8928-87D42DDA5FE4}.Debug.Build.0 = Debug|Win32
		{69002C18-A537-4D9A-8928-87D42DDA5FE4}.Release.ActiveCfg = Release|Win32
		{69002C18-A537-4D9A-8928-87D42DDA5FE4}.Release.Build.0 = Release|Win32
		{A17F372E-EABB-4389-9DB7-52C0DC8D2825}.Debug.ActiveCfg = Debug|Win32
		{A17F372E-EABB-4389-9DB7-52C0DC8D2825}.Debug.Build.0 = Debug|Win32
		{A17F372E-EABB-4389-9DB7-52C0DC8D2825}.Release.ActiveCfg = Release|Win32
		{A17F372E-EABB-4389-9DB7-52C0DC8D2825}.Release.Build.0 = Release|Win32
		{A2BEFEE7-6777-490B-A199-97C61A12A9C3}.Debug.ActiveCfg = Debug|Win32
		{A2BEFEE7-6777-490B-A199-97C61A12A9C3}.Debug.Build.0 = Debug|Win32
		{A2BEFEE7-6777-490B-A199-97C61A12A9C3}.Release.ActiveCfg = Release|Win32
		{A2BEFEE7-6777-490B-A199-97C61A12A9C3}.Release.Build.0 = Release|Win32
		{C391CB5D-B262-46F8-A2F0-937483252A9E}.Debug.ActiveCfg = Debug|Win32
		{C391CB5D-B262-46F8-A2F0-937483252A9E}.Debug.Build.0 = Debug|Win32
		{C391CB5D-B262-46F8-A2F0-937483252A9E}.Release.ActiveCfg = Release|Win32
		{C391CB5D-B262-46F8-A2F0-937483252A9E}.Release.Build.0 = Release|Win32
		{98AB31A4-E842-4993-8336-C9A1501AA68B}.Debug.ActiveCfg = Debug|Win32
		{98AB31A4-E842-4993-8336-C9A1501AA68B}.Debug.Build.0 = Debug|Win32
		{98AB31A4-E842-4993-8336-C9A1501AA68B}.Release.ActiveCfg = Release|Win32
		{98AB31A4-E842-4993-8336-C9A1501AA68B}.Release.Build.0 = Release|Win32
		{6298FA93-831A-4D74-BA46-38BA9F9EC973}.Debug.ActiveCfg = Debug|Win32
		{6298FA93-831A-4D74-BA46-38BA9F9EC973}.Debug.Build.0 = Debug|Win32
		{6298FA93-831A-4D74-BA46-38BA9F9EC973}.Release.ActiveCfg = Release|Win32
		{6298FA93-831A-4D74-BA46-38BA9F9EC973}.Release.Build.0 = Release|Win32
		{64A71C36-F9FD-4F9F-BF15-608DC79FC45D}.Debug.ActiveCfg = Debug|Win32
		{64A71C36-F9FD-4F9F-BF15-608DC79FC45D}.Debug.Build.0 = Debug|Win32
		{64A71C36-F9FD-4F9F-BF15-608DC79FC45D}.Release.ActiveCfg = Release|Win32
		{64A71C36-F9FD-4F9F-BF15-608DC79FC45D}.Release.Build.0 = Release|Win32
		{58F3594B-8D24-4B9A-A6E6-EB286C82C2C3}.Debug.ActiveCfg = Debug|Win32
		{58F3594B-8D24-4B9A-A6E6-EB286C82C2C3}.Debug.Build.0 = Debug|Win32
		{58F3594B-8D24-4B9A-A6E6-EB286C82C2C3}.Release.ActiveCfg = Release|Win32
		{58F3594B-8D24-4B9A-A6E6-EB286C82C2C3}.Release.Build.0 = Release|Win32
		{B1BA61ED-D252-467D-B1CE-52FEB834CD0E}.Debug.ActiveCfg = Debug|Win32
		{B1BA61ED-D252-467D-B1CE-52FEB834CD0E}.Debug.Build.0 = Debug|Win32
		{B1BA61ED-D252-467D-B1CE-52FEB834CD0E}.Release.ActiveCfg = Release|Win32
		{B1BA61ED-D252-467D-B1CE-52FEB834CD0E}.Release.Build.0 = Release|Win32
		{4A31B377-513F-4B04-9514-8BA8E75B498B}.Debug.ActiveCfg = Debug|Win32
		{4A31B377-513F-4B04-9514-8BA8E75B498B}.Debug.Build.0 = Debug|Win32
		{4A31B377-513F-4B04-9514-8BA8E75B498B}.Release.ActiveCfg = Release|Win32
		{4A31B377-513F-4B04-9514-8BA8E75B498B}.Release.Build.0 = Release|Win32
		{5281EEAC-A5B4-4FEA-B983-91AF26328F6D}.Debug.ActiveCfg = Debug|Win32
		{5281EEAC-A5B4-4FEA-B983-91AF26328F6D}.Debug.Build.0 = Debug|Win32
		{5281EEAC-A5B4-4FEA-B983-91AF26328F6D}.Release.ActiveCfg = Release|Win32
		{5281EEAC-A5B4-4FEA-B983-91AF26328F6D}.Release.Build.0 = Release|Win32
		{28357A6A-4622-4833-91B3-E3997D2D52C6}.Debug.ActiveCfg = Debug|Win32
		{28357A6A-4622-4833-91B3-E3997D2D52C6}.Debug.Build.0 = Debug|Win32
		{28357A6A-4622-4833-91B3-E3997D2D52C6}.Release.ActiveCfg = Release|Win32
		{28357A6A-4622-4833-91B3-E3997D2D52C6}.Release.Build.0 = Release|Win32
		{69F3AE93-87F2-4EB6-89F9-0249F3D8E1C6}.Debug.ActiveCfg = Debug|Win32
		{69F3AE93-87F2-4EB6-89F9-0249F3D8E1C6}.Debug.Build.0 = Debug|Win32
		{69F3AE93-87F2-4EB6-89F9-0249F3D8E1C6}.Release.ActiveCfg = Release|Win32
		{69F3AE93-87F2-4EB6-89F9-0249F3D8E1C6}.Release.Build.0 = Release|Win32
		{3D7B3847-E544-4990-91DE-811ED814DEE1}.Debug.ActiveCfg = Debug|Win32
		{3D7B3847-E544-4990-91DE-811ED814DEE1}.Debug.Build.0 = Debug|Win32
		{3D7B3847-E544-4990-91DE-811ED814DEE1}.Release.ActiveCfg = Release|Win32
		{3D7B3847-E544-4990-91DE-811ED814DEE1}.Release.Build.0 = Release|Win32
		{EC882103-5CFF-44CD-92D2-8ED173551693}.Debug.ActiveCfg = Debug|Win32
		{EC882103-5CFF-44CD-92D2-8ED173551693}.Debug.Build.0 = Debug|Win32
		{EC882103-5CFF-44CD-92D2-8ED173551693}.Release.ActiveCfg = Release|Win32
		{EC882103-5CFF-44CD-92D2-8ED173551693}.Release.Build.0 = Release|Win32
		{3C83CE00-EB60-408E-A4AA-E75303763A32}.Debug.ActiveCfg = Debug|Win32
		{3C83CE00-EB60-408E-A4AA-E75303763A32}.Debug.Build.0 = Debug|Win32
		{3C83CE00-EB60-408E-A4AA-E75303763A32}.Release.ActiveCfg = Release|Win32
		{3C83CE00-EB60-408E-A4AA-E75303763A32}.Release.Build.0 = Release|Win32
		{1F395DA8-0036-499C-A61D-1BCF52F20A33}.Debug.ActiveCfg = Debug|Win32
		{1F395DA8-0036-499C-A61D-1BCF52F20A33}.Debug.Build.0 = Debug|Win32
		{1F395DA8-0036-499C-A61D-1BCF52F20A33}.Release.ActiveCfg = Release|Win32
		{1F395DA8-0036-499C-A61D-1BCF52F20A33}.Release.Build.0 = Release|Win32
		{9F945A8B-EF92-4D02-A804-ACE071120929}.Debug.ActiveCfg = Debug|Win32
		{9F945A8B-EF92-4D02-A804-ACE071120929}.Debug.Build.0 = Debug|Win32
		{9F945A8B-EF92-4D02-A804-ACE071120929}.Release.ActiveCfg = Release|Win32
		{9F945A8B-EF92-4D02-A804-ACE071120929}.Release.Build.0 = Release|Win32
		{45261931-31E8-49E7-B90F-DB70F9CC18C4}.Debug.ActiveCfg = Debug|Win32
		{45261931-31E8-49E7-B90F-DB70F9CC18C4}.Debug.Build.0 = Debug|Win32
		{45261931-31E8-49E7-B90F-DB70F9CC18C4}.Release.ActiveCfg = Release|Win32
		{45261931-31E8-49E7-B90F-DB70F9CC18C4}.Release.Build.0 = Release|Win32
		{ABA45C7A-E6CB-4D7E-A8EC-FACB92A65200}.Debug.ActiveCfg = Debug|Win32
		{ABA45C7A-E6CB-4D7E-A8EC-FACB92A65200}.Debug.Build.0 = Debug|Win32
		{ABA45C7A-E6CB-4D7E-A8EC-FACB92A65200}.Release.ActiveCfg = Release|Win32
		{ABA45C7A-E6CB-4D7E-A8EC-FACB92A65200}.Release.Build.0 = Release|Win32
		{8651B128-F160-44FE-8A8C-3570BB81F441}.Debug.ActiveCfg = Debug|Win32
		{8651B128-F160-44FE-8A8C-3570BB81F441}.Debug.Build.0 = Debug|Win32
		{8651B128-F160-44FE-8A8C-3570BB81F441}.Release.ActiveCfg = Release|Win32
		{8651B128-F160-44FE-8A8C-3570BB81F441}.Release.Build.0 = Release|Win32
	EndGlobalSection
	GlobalSection(ExtensibilityGlobals) = postSolution
	EndGlobalSection
	GlobalSection(ExtensibilityAddIns) = postSolution
	EndGlobalSection
EndGlobal
