
Microsoft Visual Studio Solution File, Format Version 10.00
# Visual Studio 2008
Project("{8BC9CEB8-8B4A-11D0-8D11-00A0C91BC942}") = "classad_functional_tester", "classad_functional_tester.vcproj", "{12F92145-7770-453E-882E-4ABF31A87F1E}"
	ProjectSection(ProjectDependencies) = postProject
		{24EB960B-D293-4CD5-9A31-C49E61242492} = {24EB960B-D293-4CD5-9A31-C49E61242492}
	EndProjectSection
EndProject
Project("{8BC9CEB8-8B4A-11D0-8D11-00A0C91BC942}") = "classad_lib", "classad_lib.vcproj", "{24EB960B-D293-4CD5-9A31-C49E61242492}"
EndProject
Project("{8BC9CEB8-8B4A-11D0-8D11-00A0C91BC942}") = "classad_unit_tester", "classad_unit_tester.vcproj", "{E27113CF-00B2-4969-9A8A-AF8FC2960730}"
	ProjectSection(ProjectDependencies) = postProject
		{24EB960B-D293-4CD5-9A31-C49E61242492} = {24EB960B-D293-4CD5-9A31-C49E61242492}
	EndProjectSection
EndProject
Global
	GlobalSection(SolutionConfigurationPlatforms) = preSolution
		Debug|Win32 = Debug|Win32
		Release|Win32 = Release|Win32
	EndGlobalSection
	GlobalSection(ProjectConfigurationPlatforms) = postSolution
		{12F92145-7770-453E-882E-4ABF31A87F1E}.Debug|Win32.ActiveCfg = Debug|Win32
		{12F92145-7770-453E-882E-4ABF31A87F1E}.Debug|Win32.Build.0 = Debug|Win32
		{12F92145-7770-453E-882E-4ABF31A87F1E}.Release|Win32.ActiveCfg = Release|Win32
		{12F92145-7770-453E-882E-4ABF31A87F1E}.Release|Win32.Build.0 = Release|Win32
		{24EB960B-D293-4CD5-9A31-C49E61242492}.Debug|Win32.ActiveCfg = Debug|Win32
		{24EB960B-D293-4CD5-9A31-C49E61242492}.Debug|Win32.Build.0 = Debug|Win32
		{24EB960B-D293-4CD5-9A31-C49E61242492}.Release|Win32.ActiveCfg = Release|Win32
		{24EB960B-D293-4CD5-9A31-C49E61242492}.Release|Win32.Build.0 = Release|Win32
		{E27113CF-00B2-4969-9A8A-AF8FC2960730}.Debug|Win32.ActiveCfg = Debug|Win32
		{E27113CF-00B2-4969-9A8A-AF8FC2960730}.Debug|Win32.Build.0 = Debug|Win32
		{E27113CF-00B2-4969-9A8A-AF8FC2960730}.Release|Win32.ActiveCfg = Release|Win32
		{E27113CF-00B2-4969-9A8A-AF8FC2960730}.Release|Win32.Build.0 = Release|Win32
	EndGlobalSection
	GlobalSection(SolutionProperties) = preSolution
		HideSolutionNode = FALSE
	EndGlobalSection
EndGlobal
